
Microsoft Visual Studio Solution File, Format Version 12.00
# Visual Studio Version 17
VisualStudioVersion = 17.11.35312.102
MinimumVisualStudioVersion = 10.0.40219.1
Project("{FAE04EC0-301F-11D3-BF4B-00C04F79EFBC}") = "MediaGeralPOO", "MediaGeralPOO.csproj", "{9D08AE2E-6981-45B4-825A-9FD6B0C15EDB}"
EndProject
Global
	GlobalSection(SolutionConfigurationPlatforms) = preSolution
		Debug|Any CPU = Debug|Any CPU
		Release|Any CPU = Release|Any CPU
	EndGlobalSection
	GlobalSection(ProjectConfigurationPlatforms) = postSolution
		{9D08AE2E-6981-45B4-825A-9FD6B0C15EDB}.Debug|Any CPU.ActiveCfg = Debug|Any CPU
		{9D08AE2E-6981-45B4-825A-9FD6B0C15EDB}.Debug|Any CPU.Build.0 = Debug|Any CPU
		{9D08AE2E-6981-45B4-825A-9FD6B0C15EDB}.Release|Any CPU.ActiveCfg = Release|Any CPU
		{9D08AE2E-6981-45B4-825A-9FD6B0C15EDB}.Release|Any CPU.Build.0 = Release|Any CPU
	EndGlobalSection
	GlobalSection(SolutionProperties) = preSolution
		HideSolutionNode = FALSE
	EndGlobalSection
	GlobalSection(ExtensibilityGlobals) = postSolution
		SolutionGuid = {43C6944D-483F-4FFE-ACF0-E49B6551B692}
	EndGlobalSection
EndGlobal
